
Microsoft Visual Studio Solution File, Format Version 12.00
# Visual Studio 2013
VisualStudioVersion = 12.0.40629.0
MinimumVisualStudioVersion = 10.0.40219.1
Project("{FAE04EC0-301F-11D3-BF4B-00C04F79EFBC}") = "VidyarthiAssociates", "VidyarthiAssociates\VidyarthiAssociates.csproj", "{7DB22E6C-D4B6-4BAE-AA46-6395D816FEDF}"
EndProject
Global
	GlobalSection(SolutionConfigurationPlatforms) = preSolution
		Debug|Any CPU = Debug|Any CPU
		Release|Any CPU = Release|Any CPU
	EndGlobalSection
	GlobalSection(ProjectConfigurationPlatforms) = postSolution
		{7DB22E6C-D4B6-4BAE-AA46-6395D816FEDF}.Debug|Any CPU.ActiveCfg = Debug|Any CPU
		{7DB22E6C-D4B6-4BAE-AA46-6395D816FEDF}.Debug|Any CPU.Build.0 = Debug|Any CPU
		{7DB22E6C-D4B6-4BAE-AA46-6395D816FEDF}.Release|Any CPU.ActiveCfg = Release|Any CPU
		{7DB22E6C-D4B6-4BAE-AA46-6395D816FEDF}.Release|Any CPU.Build.0 = Release|Any CPU
	EndGlobalSection
	GlobalSection(SolutionProperties) = preSolution
		HideSolutionNode = FALSE
	EndGlobalSection
EndGlobal
